
Microsoft Visual Studio Solution File, Format Version 12.00
# Visual Studio Version 17
VisualStudioVersion = 17.3.32611.2
MinimumVisualStudioVersion = 10.0.40219.1
Project("{2150E333-8FDC-42A3-9474-1A3956D46DE8}") = "Solution Items", "Solution Items", "{80330D33-A39E-4719-85D2-E8CE358224E4}"
	ProjectSection(SolutionItems) = preProject
		.editorconfig = .editorconfig
		LICENSE = LICENSE
		README.md = README.md
	EndProjectSection
EndProject
Project("{2150E333-8FDC-42A3-9474-1A3956D46DE8}") = "Tests", "Tests", "{2E1AEECD-EF79-4BB3-85A6-B43FBF0D4DFE}"
EndProject
Project("{9A19103F-16F7-4668-BE54-9A1E7A4F7556}") = "Rota.Service.UnitTests", "Tests\Rota.Service.UnitTests\Rota.Service.UnitTests.csproj", "{76172D29-5446-48A9-9C6A-7CF433428285}"
EndProject
Project("{9A19103F-16F7-4668-BE54-9A1E7A4F7556}") = "Rota.Transform.Test", "Tests\Rota.Transform.Test\Rota.Transform.Test.csproj", "{2E8175C4-BC1A-4FA8-876B-A3420B3FBC54}"
EndProject
Project("{9A19103F-16F7-4668-BE54-9A1E7A4F7556}") = "Rota.Api", "Rota.Api\Rota.Api.csproj", "{793E1B72-8A72-4C03-808B-5CB16FCE9B0F}"
EndProject
Project("{9A19103F-16F7-4668-BE54-9A1E7A4F7556}") = "Rota.Service", "Rota.Service\Rota.Service.csproj", "{C6CFE0EE-374E-48E7-9DF8-876A9F77E0C5}"
EndProject
Project("{9A19103F-16F7-4668-BE54-9A1E7A4F7556}") = "Transforms", "Tests\Transforms\Transforms.csproj", "{D645A2C8-AE98-4670-8DBD-22095213545C}"
EndProject
Project("{54A90642-561A-4BB1-A94E-469ADEE60C69}") = "Rota.Web", "Rota.Web\Rota.Web.esproj", "{D549E22F-9B76-4B27-A3B9-1784CCAF8652}"
EndProject
Global
	GlobalSection(SolutionConfigurationPlatforms) = preSolution
		Debug|Any CPU = Debug|Any CPU
		Release|Any CPU = Release|Any CPU
	EndGlobalSection
	GlobalSection(ProjectConfigurationPlatforms) = postSolution
		{76172D29-5446-48A9-9C6A-7CF433428285}.Debug|Any CPU.ActiveCfg = Debug|Any CPU
		{76172D29-5446-48A9-9C6A-7CF433428285}.Debug|Any CPU.Build.0 = Debug|Any CPU
		{76172D29-5446-48A9-9C6A-7CF433428285}.Release|Any CPU.ActiveCfg = Release|Any CPU
		{76172D29-5446-48A9-9C6A-7CF433428285}.Release|Any CPU.Build.0 = Release|Any CPU
		{2E8175C4-BC1A-4FA8-876B-A3420B3FBC54}.Debug|Any CPU.ActiveCfg = Debug|Any CPU
		{2E8175C4-BC1A-4FA8-876B-A3420B3FBC54}.Debug|Any CPU.Build.0 = Debug|Any CPU
		{2E8175C4-BC1A-4FA8-876B-A3420B3FBC54}.Release|Any CPU.ActiveCfg = Release|Any CPU
		{2E8175C4-BC1A-4FA8-876B-A3420B3FBC54}.Release|Any CPU.Build.0 = Release|Any CPU
		{793E1B72-8A72-4C03-808B-5CB16FCE9B0F}.Debug|Any CPU.ActiveCfg = Debug|Any CPU
		{793E1B72-8A72-4C03-808B-5CB16FCE9B0F}.Debug|Any CPU.Build.0 = Debug|Any CPU
		{793E1B72-8A72-4C03-808B-5CB16FCE9B0F}.Release|Any CPU.ActiveCfg = Release|Any CPU
		{793E1B72-8A72-4C03-808B-5CB16FCE9B0F}.Release|Any CPU.Build.0 = Release|Any CPU
		{C6CFE0EE-374E-48E7-9DF8-876A9F77E0C5}.Debug|Any CPU.ActiveCfg = Debug|Any CPU
		{C6CFE0EE-374E-48E7-9DF8-876A9F77E0C5}.Debug|Any CPU.Build.0 = Debug|Any CPU
		{C6CFE0EE-374E-48E7-9DF8-876A9F77E0C5}.Release|Any CPU.ActiveCfg = Release|Any CPU
		{C6CFE0EE-374E-48E7-9DF8-876A9F77E0C5}.Release|Any CPU.Build.0 = Release|Any CPU
		{D645A2C8-AE98-4670-8DBD-22095213545C}.Debug|Any CPU.ActiveCfg = Debug|Any CPU
		{D645A2C8-AE98-4670-8DBD-22095213545C}.Debug|Any CPU.Build.0 = Debug|Any CPU
		{D645A2C8-AE98-4670-8DBD-22095213545C}.Release|Any CPU.ActiveCfg = Release|Any CPU
		{D645A2C8-AE98-4670-8DBD-22095213545C}.Release|Any CPU.Build.0 = Release|Any CPU
		{D549E22F-9B76-4B27-A3B9-1784CCAF8652}.Debug|Any CPU.ActiveCfg = Debug|Any CPU
		{D549E22F-9B76-4B27-A3B9-1784CCAF8652}.Debug|Any CPU.Build.0 = Debug|Any CPU
		{D549E22F-9B76-4B27-A3B9-1784CCAF8652}.Debug|Any CPU.Deploy.0 = Debug|Any CPU
		{D549E22F-9B76-4B27-A3B9-1784CCAF8652}.Release|Any CPU.ActiveCfg = Release|Any CPU
		{D549E22F-9B76-4B27-A3B9-1784CCAF8652}.Release|Any CPU.Build.0 = Release|Any CPU
		{D549E22F-9B76-4B27-A3B9-1784CCAF8652}.Release|Any CPU.Deploy.0 = Release|Any CPU
	EndGlobalSection
	GlobalSection(SolutionProperties) = preSolution
		HideSolutionNode = FALSE
	EndGlobalSection
	GlobalSection(NestedProjects) = preSolution
		{76172D29-5446-48A9-9C6A-7CF433428285} = {2E1AEECD-EF79-4BB3-85A6-B43FBF0D4DFE}
		{2E8175C4-BC1A-4FA8-876B-A3420B3FBC54} = {2E1AEECD-EF79-4BB3-85A6-B43FBF0D4DFE}
		{D645A2C8-AE98-4670-8DBD-22095213545C} = {2E1AEECD-EF79-4BB3-85A6-B43FBF0D4DFE}
	EndGlobalSection
	GlobalSection(ExtensibilityGlobals) = postSolution
		SolutionGuid = {95B81A49-7C69-455E-9627-6FF789B1A697}
	EndGlobalSection
EndGlobal
